{
  "version": 4,
  "terraform_version": "0.12.1",
  "serial": 4,
  "lineage": "318ef352-fd4c-15f8-4ba5-2ad329a4679f",
  "outputs": {},
  "resources": [
    {
      "mode": "managed",
      "type": "google_container_cluster",
      "name": "gke-cluster",
      "provider": "provider.google",
      "instances": [
        {
          "schema_version": 1,
          "attributes": {
            "additional_zones": [],
            "addons_config": [
              {
                "horizontal_pod_autoscaling": [],
                "http_load_balancing": [],
                "kubernetes_dashboard": [
                  {
                    "disabled": true
                  }
                ],
                "network_policy_config": [
                  {
                    "disabled": true
                  }
                ]
              }
            ],
            "cluster_autoscaling": [],
            "cluster_ipv4_cidr": "10.28.0.0/14",
            "default_max_pods_per_node": 110,
            "description": "",
            "enable_binary_authorization": null,
            "enable_intranode_visibility": null,
            "enable_kubernetes_alpha": false,
            "enable_legacy_abac": false,
            "enable_tpu": null,
            "endpoint": "35.197.207.135",
            "id": "cluster-gke",
            "initial_node_count": 2,
            "instance_group_urls": [
              "https://www.googleapis.com/compute/v1/projects/cloudclub/zones/europe-west2-b/instanceGroups/gke-cluster-gke-default-pool-c90bea59-grp"
            ],
            "ip_allocation_policy": [],
            "location": "europe-west2-b",
            "logging_service": "logging.googleapis.com",
            "maintenance_policy": [],
            "master_auth": [
              {
                "client_certificate": "",
                "client_certificate_config": [
                  {
                    "issue_client_certificate": false
                  }
                ],
                "client_key": "",
                "cluster_ca_certificate": "LS0tLS1CRUdJTiBDRVJUSUZJQ0FURS0tLS0tCk1JSURDekNDQWZPZ0F3SUJBZ0lRZjRsMHNnbFdraG8zN3RuSlpWK3ZoakFOQmdrcWhraUc5dzBCQVFzRkFEQXYKTVMwd0t3WURWUVFERXlRNU9EUTNZV0prTUMxa01UWXdMVFF3T1dFdFlqa3pOQzFsWm1Sa1lXUmtaVGxqTVRBdwpIaGNOTVRreE1ERTBNakEwT0RJMVdoY05NalF4TURFeU1qRTBPREkxV2pBdk1TMHdLd1lEVlFRREV5UTVPRFEzCllXSmtNQzFrTVRZd0xUUXdPV0V0WWprek5DMWxabVJrWVdSa1pUbGpNVEF3Z2dFaU1BMEdDU3FHU0liM0RRRUIKQVFVQUE0SUJEd0F3Z2dFS0FvSUJBUUNzNFUzZVh3RjZPODZnK3BvUmJveWNSQ1M4WHRoUmhySmFCVEJJSTJCMgpoU1dabCt2OWFIWjlaUW9sWEt0NlZZMXFSV2R0NC90blkwaU1nQjBuQXNqYk9tTUtzSnNjSnBIb2x6Wmo3aFRFCkdMekl4SUk4eUdScW9NeFZqUUtiWVdQMm5uenBvazlXY1hYMkFNYXJoWmxZRkhNckJBdllrNDZyNUFVKzQ1NDAKckRvVEZDNmtNWGNmL1U4MjhsYWc3TjFmYk9pcFBHVjg3OTdMcVdTcTZ2QVNuZHBlMlh6eDBYWHVKVzhtMyszTQo5QjYvM3J5RzFNaWQ0WjFGbTlKY1VQSGM4eVo2bE9GanRuckptUUZob2VOOXpvOHFpU2Y5UE9IYUpNb2FuWE4wCmRSTy80TVdEM2plVTVUREc0eFNtdFJTL0lGVmQrbUJkMUJYOUFuUnBXWTZWQWdNQkFBR2pJekFoTUE0R0ExVWQKRHdFQi93UUVBd0lDQkRBUEJnTlZIUk1CQWY4RUJUQURBUUgvTUEwR0NTcUdTSWIzRFFFQkN3VUFBNElCQVFBdgplUmh1ZU5XQnNLQkg0ZG1GNGpHNU5PR3pJNndjamZxUUx3RUl0d0JRamppWnJwd0d0VjRxQ1VORFpTUmY4bzk0CmFDelBielNNL3pqc2Q4aHJmRXJvdFN0TDErVXZGRWdMWmtKTVVoTlljVXc0dVd4Qk5ZV1VJbEs5anlvVms1MmUKcitzNFZqdzJiRmxTV1VWcmRvc3E1aCtwbzl6NUFmV3ZicHJjVm1IY24rYW12Nm1TOXMwQ0NXeTd5NlhDU3c3TwpJeFQ1WFV5c29iZGRrb2hNdEZZUnJsdC9pdFA3YlZIS2d1aVhvcStsa3NUaDB2eldRNlFHOWpJK2xPeTV2R1BxCnNUZ2d6d3M4RUFqTmxyeVAzSnBPSkJtcTEycTZxNCtZaVRiajNEM2Q2RTRKOHBXWU40YUhkYkp2UWt0dVlaYm0KWkFNL0NjL3l6ZUdYbVRCcG9maE8KLS0tLS1FTkQgQ0VSVElGSUNBVEUtLS0tLQo=",
                "password": "",
                "username": ""
              }
            ],
            "master_authorized_networks_config": [],
            "master_version": "1.13.10-gke.0",
            "min_master_version": null,
            "monitoring_service": "monitoring.googleapis.com",
            "name": "cluster-gke",
            "network": "projects/cloudclub/global/networks/default",
            "network_policy": [
              {
                "enabled": false,
                "provider": "PROVIDER_UNSPECIFIED"
              }
            ],
            "node_config": [
              {
                "disk_size_gb": 100,
                "disk_type": "pd-standard",
                "guest_accelerator": [],
                "image_type": "COS",
                "labels": {},
                "local_ssd_count": 0,
                "machine_type": "n1-standard-1",
                "metadata": {
                  "disable-legacy-endpoints": "true"
                },
                "min_cpu_platform": "",
                "oauth_scopes": [
                  "https://www.googleapis.com/auth/devstorage.read_only",
                  "https://www.googleapis.com/auth/logging.write",
                  "https://www.googleapis.com/auth/monitoring",
                  "https://www.googleapis.com/auth/service.management.readonly",
                  "https://www.googleapis.com/auth/servicecontrol",
                  "https://www.googleapis.com/auth/trace.append"
                ],
                "preemptible": false,
                "sandbox_config": [],
                "service_account": "default",
                "tags": [],
                "taint": [],
                "workload_metadata_config": []
              }
            ],
            "node_locations": [],
            "node_pool": [
              {
                "autoscaling": [],
                "initial_node_count": 2,
                "instance_group_urls": [
                  "https://www.googleapis.com/compute/v1/projects/cloudclub/zones/europe-west2-b/instanceGroupManagers/gke-cluster-gke-default-pool-c90bea59-grp"
                ],
                "management": [
                  {
                    "auto_repair": false,
                    "auto_upgrade": false
                  }
                ],
                "max_pods_per_node": 0,
                "name": "default-pool",
                "name_prefix": "",
                "node_config": [
                  {
                    "disk_size_gb": 100,
                    "disk_type": "pd-standard",
                    "guest_accelerator": [],
                    "image_type": "COS",
                    "labels": {},
                    "local_ssd_count": 0,
                    "machine_type": "n1-standard-1",
                    "metadata": {
                      "disable-legacy-endpoints": "true"
                    },
                    "min_cpu_platform": "",
                    "oauth_scopes": [
                      "https://www.googleapis.com/auth/devstorage.read_only",
                      "https://www.googleapis.com/auth/logging.write",
                      "https://www.googleapis.com/auth/monitoring",
                      "https://www.googleapis.com/auth/service.management.readonly",
                      "https://www.googleapis.com/auth/servicecontrol",
                      "https://www.googleapis.com/auth/trace.append"
                    ],
                    "preemptible": false,
                    "sandbox_config": [],
                    "service_account": "default",
                    "tags": [],
                    "taint": [],
                    "workload_metadata_config": []
                  }
                ],
                "node_count": 2,
                "version": "1.13.10-gke.0"
              }
            ],
            "node_version": "1.13.10-gke.0",
            "pod_security_policy_config": [],
            "private_cluster_config": [],
            "project": "cloudclub",
            "region": null,
            "remove_default_node_pool": null,
            "resource_labels": {},
            "services_ipv4_cidr": "10.31.240.0/20",
            "subnetwork": "projects/cloudclub/regions/europe-west2/subnetworks/default",
            "timeouts": null,
            "zone": "europe-west2-b"
          }
        }
      ]
    },
    {
      "mode": "managed",
      "type": "google_container_node_pool",
      "name": "nodepool-1",
      "provider": "provider.google",
      "instances": [
        {
          "schema_version": 1,
          "attributes": {
            "autoscaling": [],
            "cluster": "cluster-gke",
            "id": "europe-west2-b/cluster-gke/node-pool-1",
            "initial_node_count": 3,
            "instance_group_urls": [
              "https://www.googleapis.com/compute/v1/projects/cloudclub/zones/europe-west2-b/instanceGroupManagers/gke-cluster-gke-node-pool-1-facc12db-grp"
            ],
            "location": "europe-west2-b",
            "management": [
              {
                "auto_repair": false,
                "auto_upgrade": false
              }
            ],
            "max_pods_per_node": null,
            "name": "node-pool-1",
            "name_prefix": "",
            "node_config": [
              {
                "disk_size_gb": 100,
                "disk_type": "pd-standard",
                "guest_accelerator": [],
                "image_type": "COS",
                "labels": {},
                "local_ssd_count": 0,
                "machine_type": "n1-standard-1",
                "metadata": {
                  "disable-legacy-endpoints": "true"
                },
                "min_cpu_platform": "",
                "oauth_scopes": [
                  "https://www.googleapis.com/auth/devstorage.read_only",
                  "https://www.googleapis.com/auth/logging.write",
                  "https://www.googleapis.com/auth/monitoring",
                  "https://www.googleapis.com/auth/service.management.readonly",
                  "https://www.googleapis.com/auth/servicecontrol",
                  "https://www.googleapis.com/auth/trace.append"
                ],
                "preemptible": false,
                "sandbox_config": [],
                "service_account": "default",
                "tags": [],
                "taint": [],
                "workload_metadata_config": []
              }
            ],
            "node_count": 3,
            "project": "cloudclub",
            "region": null,
            "timeouts": null,
            "version": "1.13.10-gke.0",
            "zone": "europe-west2-b"
          },
          "depends_on": [
            "google_container_cluster.gke-cluster"
          ]
        }
      ]
    }
  ]
}
